
Microsoft Visual Studio Solution File, Format Version 12.00
# Visual Studio Version 16
VisualStudioVersion = 16.0.28621.142
MinimumVisualStudioVersion = 10.0.40219.1
Project("{8BC9CEB8-8B4A-11D0-8D11-00A0C91BC942}") = "lesson_01", "lesson_01\lesson_01.vcxproj", "{F6AADD89-CB10-424A-915A-83D362F0ED22}"
EndProject
Project("{8BC9CEB8-8B4A-11D0-8D11-00A0C91BC942}") = "lesson_02", "lesson_02\lesson_02.vcxproj", "{C1AB98A0-9455-4BEF-B32D-254653C3DB4B}"
EndProject
Project("{8BC9CEB8-8B4A-11D0-8D11-00A0C91BC942}") = "lesson_04", "lesson_04\lesson_04.vcxproj", "{54D79267-58C3-4BD7-AB24-2105FF6E31DE}"
EndProject
Project("{8BC9CEB8-8B4A-11D0-8D11-00A0C91BC942}") = "lesson_03", "lesson_03\lesson_03.vcxproj", "{4E761769-242A-49D5-9FDC-5C6FB5D2DE59}"
EndProject
Project("{8BC9CEB8-8B4A-11D0-8D11-00A0C91BC942}") = "lesson_05", "lesson_05\lesson_05.vcxproj", "{FD05EB57-D585-4401-A4B7-CA6DAF42CB8E}"
EndProject
Project("{8BC9CEB8-8B4A-11D0-8D11-00A0C91BC942}") = "static_var", "static_var\static_var.vcxproj", "{D78143F0-89B8-415E-8AFC-5B46BF00BDEF}"
EndProject
Project("{8BC9CEB8-8B4A-11D0-8D11-00A0C91BC942}") = "static_local_var", "static_local_var\static_local_var.vcxproj", "{9CA78104-A962-47F6-9584-82440E90E0F7}"
EndProject
Project("{8BC9CEB8-8B4A-11D0-8D11-00A0C91BC942}") = "two_files", "two_files\two_files.vcxproj", "{E9428D60-A21D-414A-A020-C583D4FB4C28}"
EndProject
Project("{8BC9CEB8-8B4A-11D0-8D11-00A0C91BC942}") = "switch_t", "switch_t\switch_t.vcxproj", "{173CB6C0-DE83-417C-B52D-133DAA38C1D7}"
EndProject
Project("{8BC9CEB8-8B4A-11D0-8D11-00A0C91BC942}") = "loop_t", "loop_t\loop_t.vcxproj", "{465F209F-7EF1-4859-BF06-83DD426520A4}"
EndProject
Project("{8BC9CEB8-8B4A-11D0-8D11-00A0C91BC942}") = "value_pass", "value_pass\value_pass.vcxproj", "{5B9D5035-7A83-4941-BDA5-B5975644FA7E}"
EndProject
Project("{8BC9CEB8-8B4A-11D0-8D11-00A0C91BC942}") = "test", "test\test.vcxproj", "{995EA136-A1E0-4B7B-A4FE-97AD0E45796E}"
EndProject
Project("{8BC9CEB8-8B4A-11D0-8D11-00A0C91BC942}") = "array", "array\array.vcxproj", "{4EF01B87-3F11-4930-9CEE-944B2DA24B8D}"
EndProject
Global
	GlobalSection(SolutionConfigurationPlatforms) = preSolution
		Debug|x64 = Debug|x64
		Debug|x86 = Debug|x86
		Release|x64 = Release|x64
		Release|x86 = Release|x86
	EndGlobalSection
	GlobalSection(ProjectConfigurationPlatforms) = postSolution
		{F6AADD89-CB10-424A-915A-83D362F0ED22}.Debug|x64.ActiveCfg = Debug|x64
		{F6AADD89-CB10-424A-915A-83D362F0ED22}.Debug|x64.Build.0 = Debug|x64
		{F6AADD89-CB10-424A-915A-83D362F0ED22}.Debug|x86.ActiveCfg = Debug|Win32
		{F6AADD89-CB10-424A-915A-83D362F0ED22}.Debug|x86.Build.0 = Debug|Win32
		{F6AADD89-CB10-424A-915A-83D362F0ED22}.Release|x64.ActiveCfg = Release|x64
		{F6AADD89-CB10-424A-915A-83D362F0ED22}.Release|x64.Build.0 = Release|x64
		{F6AADD89-CB10-424A-915A-83D362F0ED22}.Release|x86.ActiveCfg = Release|Win32
		{F6AADD89-CB10-424A-915A-83D362F0ED22}.Release|x86.Build.0 = Release|Win32
		{C1AB98A0-9455-4BEF-B32D-254653C3DB4B}.Debug|x64.ActiveCfg = Debug|x64
		{C1AB98A0-9455-4BEF-B32D-254653C3DB4B}.Debug|x64.Build.0 = Debug|x64
		{C1AB98A0-9455-4BEF-B32D-254653C3DB4B}.Debug|x86.ActiveCfg = Debug|Win32
		{C1AB98A0-9455-4BEF-B32D-254653C3DB4B}.Debug|x86.Build.0 = Debug|Win32
		{C1AB98A0-9455-4BEF-B32D-254653C3DB4B}.Release|x64.ActiveCfg = Release|x64
		{C1AB98A0-9455-4BEF-B32D-254653C3DB4B}.Release|x64.Build.0 = Release|x64
		{C1AB98A0-9455-4BEF-B32D-254653C3DB4B}.Release|x86.ActiveCfg = Release|Win32
		{C1AB98A0-9455-4BEF-B32D-254653C3DB4B}.Release|x86.Build.0 = Release|Win32
		{54D79267-58C3-4BD7-AB24-2105FF6E31DE}.Debug|x64.ActiveCfg = Debug|x64
		{54D79267-58C3-4BD7-AB24-2105FF6E31DE}.Debug|x64.Build.0 = Debug|x64
		{54D79267-58C3-4BD7-AB24-2105FF6E31DE}.Debug|x86.ActiveCfg = Debug|Win32
		{54D79267-58C3-4BD7-AB24-2105FF6E31DE}.Debug|x86.Build.0 = Debug|Win32
		{54D79267-58C3-4BD7-AB24-2105FF6E31DE}.Release|x64.ActiveCfg = Release|x64
		{54D79267-58C3-4BD7-AB24-2105FF6E31DE}.Release|x64.Build.0 = Release|x64
		{54D79267-58C3-4BD7-AB24-2105FF6E31DE}.Release|x86.ActiveCfg = Release|Win32
		{54D79267-58C3-4BD7-AB24-2105FF6E31DE}.Release|x86.Build.0 = Release|Win32
		{4E761769-242A-49D5-9FDC-5C6FB5D2DE59}.Debug|x64.ActiveCfg = Debug|x64
		{4E761769-242A-49D5-9FDC-5C6FB5D2DE59}.Debug|x64.Build.0 = Debug|x64
		{4E761769-242A-49D5-9FDC-5C6FB5D2DE59}.Debug|x86.ActiveCfg = Debug|Win32
		{4E761769-242A-49D5-9FDC-5C6FB5D2DE59}.Debug|x86.Build.0 = Debug|Win32
		{4E761769-242A-49D5-9FDC-5C6FB5D2DE59}.Release|x64.ActiveCfg = Release|x64
		{4E761769-242A-49D5-9FDC-5C6FB5D2DE59}.Release|x64.Build.0 = Release|x64
		{4E761769-242A-49D5-9FDC-5C6FB5D2DE59}.Release|x86.ActiveCfg = Release|Win32
		{4E761769-242A-49D5-9FDC-5C6FB5D2DE59}.Release|x86.Build.0 = Release|Win32
		{FD05EB57-D585-4401-A4B7-CA6DAF42CB8E}.Debug|x64.ActiveCfg = Debug|x64
		{FD05EB57-D585-4401-A4B7-CA6DAF42CB8E}.Debug|x64.Build.0 = Debug|x64
		{FD05EB57-D585-4401-A4B7-CA6DAF42CB8E}.Debug|x86.ActiveCfg = Debug|Win32
		{FD05EB57-D585-4401-A4B7-CA6DAF42CB8E}.Debug|x86.Build.0 = Debug|Win32
		{FD05EB57-D585-4401-A4B7-CA6DAF42CB8E}.Release|x64.ActiveCfg = Release|x64
		{FD05EB57-D585-4401-A4B7-CA6DAF42CB8E}.Release|x64.Build.0 = Release|x64
		{FD05EB57-D585-4401-A4B7-CA6DAF42CB8E}.Release|x86.ActiveCfg = Release|Win32
		{FD05EB57-D585-4401-A4B7-CA6DAF42CB8E}.Release|x86.Build.0 = Release|Win32
		{D78143F0-89B8-415E-8AFC-5B46BF00BDEF}.Debug|x64.ActiveCfg = Debug|x64
		{D78143F0-89B8-415E-8AFC-5B46BF00BDEF}.Debug|x64.Build.0 = Debug|x64
		{D78143F0-89B8-415E-8AFC-5B46BF00BDEF}.Debug|x86.ActiveCfg = Debug|Win32
		{D78143F0-89B8-415E-8AFC-5B46BF00BDEF}.Debug|x86.Build.0 = Debug|Win32
		{D78143F0-89B8-415E-8AFC-5B46BF00BDEF}.Release|x64.ActiveCfg = Release|x64
		{D78143F0-89B8-415E-8AFC-5B46BF00BDEF}.Release|x64.Build.0 = Release|x64
		{D78143F0-89B8-415E-8AFC-5B46BF00BDEF}.Release|x86.ActiveCfg = Release|Win32
		{D78143F0-89B8-415E-8AFC-5B46BF00BDEF}.Release|x86.Build.0 = Release|Win32
		{9CA78104-A962-47F6-9584-82440E90E0F7}.Debug|x64.ActiveCfg = Debug|x64
		{9CA78104-A962-47F6-9584-82440E90E0F7}.Debug|x64.Build.0 = Debug|x64
		{9CA78104-A962-47F6-9584-82440E90E0F7}.Debug|x86.ActiveCfg = Debug|Win32
		{9CA78104-A962-47F6-9584-82440E90E0F7}.Debug|x86.Build.0 = Debug|Win32
		{9CA78104-A962-47F6-9584-82440E90E0F7}.Release|x64.ActiveCfg = Release|x64
		{9CA78104-A962-47F6-9584-82440E90E0F7}.Release|x64.Build.0 = Release|x64
		{9CA78104-A962-47F6-9584-82440E90E0F7}.Release|x86.ActiveCfg = Release|Win32
		{9CA78104-A962-47F6-9584-82440E90E0F7}.Release|x86.Build.0 = Release|Win32
		{E9428D60-A21D-414A-A020-C583D4FB4C28}.Debug|x64.ActiveCfg = Debug|x64
		{E9428D60-A21D-414A-A020-C583D4FB4C28}.Debug|x64.Build.0 = Debug|x64
		{E9428D60-A21D-414A-A020-C583D4FB4C28}.Debug|x86.ActiveCfg = Debug|Win32
		{E9428D60-A21D-414A-A020-C583D4FB4C28}.Debug|x86.Build.0 = Debug|Win32
		{E9428D60-A21D-414A-A020-C583D4FB4C28}.Release|x64.ActiveCfg = Release|x64
		{E9428D60-A21D-414A-A020-C583D4FB4C28}.Release|x64.Build.0 = Release|x64
		{E9428D60-A21D-414A-A020-C583D4FB4C28}.Release|x86.ActiveCfg = Release|Win32
		{E9428D60-A21D-414A-A020-C583D4FB4C28}.Release|x86.Build.0 = Release|Win32
		{173CB6C0-DE83-417C-B52D-133DAA38C1D7}.Debug|x64.ActiveCfg = Debug|x64
		{173CB6C0-DE83-417C-B52D-133DAA38C1D7}.Debug|x64.Build.0 = Debug|x64
		{173CB6C0-DE83-417C-B52D-133DAA38C1D7}.Debug|x86.ActiveCfg = Debug|Win32
		{173CB6C0-DE83-417C-B52D-133DAA38C1D7}.Debug|x86.Build.0 = Debug|Win32
		{173CB6C0-DE83-417C-B52D-133DAA38C1D7}.Release|x64.ActiveCfg = Release|x64
		{173CB6C0-DE83-417C-B52D-133DAA38C1D7}.Release|x64.Build.0 = Release|x64
		{173CB6C0-DE83-417C-B52D-133DAA38C1D7}.Release|x86.ActiveCfg = Release|Win32
		{173CB6C0-DE83-417C-B52D-133DAA38C1D7}.Release|x86.Build.0 = Release|Win32
		{465F209F-7EF1-4859-BF06-83DD426520A4}.Debug|x64.ActiveCfg = Debug|x64
		{465F209F-7EF1-4859-BF06-83DD426520A4}.Debug|x64.Build.0 = Debug|x64
		{465F209F-7EF1-4859-BF06-83DD426520A4}.Debug|x86.ActiveCfg = Debug|Win32
		{465F209F-7EF1-4859-BF06-83DD426520A4}.Debug|x86.Build.0 = Debug|Win32
		{465F209F-7EF1-4859-BF06-83DD426520A4}.Release|x64.ActiveCfg = Release|x64
		{465F209F-7EF1-4859-BF06-83DD426520A4}.Release|x64.Build.0 = Release|x64
		{465F209F-7EF1-4859-BF06-83DD426520A4}.Release|x86.ActiveCfg = Release|Win32
		{465F209F-7EF1-4859-BF06-83DD426520A4}.Release|x86.Build.0 = Release|Win32
		{5B9D5035-7A83-4941-BDA5-B5975644FA7E}.Debug|x64.ActiveCfg = Debug|x64
		{5B9D5035-7A83-4941-BDA5-B5975644FA7E}.Debug|x64.Build.0 = Debug|x64
		{5B9D5035-7A83-4941-BDA5-B5975644FA7E}.Debug|x86.ActiveCfg = Debug|Win32
		{5B9D5035-7A83-4941-BDA5-B5975644FA7E}.Debug|x86.Build.0 = Debug|Win32
		{5B9D5035-7A83-4941-BDA5-B5975644FA7E}.Release|x64.ActiveCfg = Release|x64
		{5B9D5035-7A83-4941-BDA5-B5975644FA7E}.Release|x64.Build.0 = Release|x64
		{5B9D5035-7A83-4941-BDA5-B5975644FA7E}.Release|x86.ActiveCfg = Release|Win32
		{5B9D5035-7A83-4941-BDA5-B5975644FA7E}.Release|x86.Build.0 = Release|Win32
		{995EA136-A1E0-4B7B-A4FE-97AD0E45796E}.Debug|x64.ActiveCfg = Debug|x64
		{995EA136-A1E0-4B7B-A4FE-97AD0E45796E}.Debug|x64.Build.0 = Debug|x64
		{995EA136-A1E0-4B7B-A4FE-97AD0E45796E}.Debug|x86.ActiveCfg = Debug|Win32
		{995EA136-A1E0-4B7B-A4FE-97AD0E45796E}.Debug|x86.Build.0 = Debug|Win32
		{995EA136-A1E0-4B7B-A4FE-97AD0E45796E}.Release|x64.ActiveCfg = Release|x64
		{995EA136-A1E0-4B7B-A4FE-97AD0E45796E}.Release|x64.Build.0 = Release|x64
		{995EA136-A1E0-4B7B-A4FE-97AD0E45796E}.Release|x86.ActiveCfg = Release|Win32
		{995EA136-A1E0-4B7B-A4FE-97AD0E45796E}.Release|x86.Build.0 = Release|Win32
		{4EF01B87-3F11-4930-9CEE-944B2DA24B8D}.Debug|x64.ActiveCfg = Debug|x64
		{4EF01B87-3F11-4930-9CEE-944B2DA24B8D}.Debug|x64.Build.0 = Debug|x64
		{4EF01B87-3F11-4930-9CEE-944B2DA24B8D}.Debug|x86.ActiveCfg = Debug|Win32
		{4EF01B87-3F11-4930-9CEE-944B2DA24B8D}.Debug|x86.Build.0 = Debug|Win32
		{4EF01B87-3F11-4930-9CEE-944B2DA24B8D}.Release|x64.ActiveCfg = Release|x64
		{4EF01B87-3F11-4930-9CEE-944B2DA24B8D}.Release|x64.Build.0 = Release|x64
		{4EF01B87-3F11-4930-9CEE-944B2DA24B8D}.Release|x86.ActiveCfg = Release|Win32
		{4EF01B87-3F11-4930-9CEE-944B2DA24B8D}.Release|x86.Build.0 = Release|Win32
	EndGlobalSection
	GlobalSection(SolutionProperties) = preSolution
		HideSolutionNode = FALSE
	EndGlobalSection
	GlobalSection(ExtensibilityGlobals) = postSolution
		SolutionGuid = {74A68F0B-59F8-4C3B-A6A3-3CAF6CA6825B}
	EndGlobalSection
EndGlobal
